// !$*UTF8*$!
{
	archiveVersion = 1;
	classes = {
	};
	objectVersion = 48;
	objects = {

/* Begin PBXBuildFile section */
		F9F900CD202EF00E00B2AC4F /* AppDelegate.swift in Sources */ = {isa = PBXBuildFile; fileRef = F9F900CC202EF00E00B2AC4F /* AppDelegate.swift */; };
		F9F900CF202EF00E00B2AC4F /* ViewController.swift in Sources */ = {isa = PBXBuildFile; fileRef = F9F900CE202EF00E00B2AC4F /* ViewController.swift */; };
		F9F900D2202EF00E00B2AC4F /* Main.storyboard in Resources */ = {isa = PBXBuildFile; fileRef = F9F900D0202EF00E00B2AC4F /* Main.storyboard */; };
		F9F900D4202EF00E00B2AC4F /* Assets.xcassets in Resources */ = {isa = PBXBuildFile; fileRef = F9F900D3202EF00E00B2AC4F /* Assets.xcassets */; };
		F9F900D7202EF00E00B2AC4F /* LaunchScreen.storyboard in Resources */ = {isa = PBXBuildFile; fileRef = F9F900D5202EF00E00B2AC4F /* LaunchScreen.storyboard */; };
		F9F900DF202EF03500B2AC4F /* index.html in Resources */ = {isa = PBXBuildFile; fileRef = F9F900DE202EF03500B2AC4F /* index.html */; };
/* End PBXBuildFile section */

/* Begin PBXFileReference section */
		F9F900C9202EF00E00B2AC4F /* LocalHtml.app */ = {isa = PBXFileReference; explicitFileType = wrapper.application; includeInIndex = 0; path = LocalHtml.app; sourceTree = BUILT_PRODUCTS_DIR; };
		F9F900CC202EF00E00B2AC4F /* AppDelegate.swift */ = {isa = PBXFileReference; lastKnownFileType = sourcecode.swift; path = AppDelegate.swift; sourceTree = "<group>"; };
		F9F900CE202EF00E00B2AC4F /* ViewController.swift */ = {isa = PBXFileReference; lastKnownFileType = sourcecode.swift; path = ViewController.swift; sourceTree = "<group>"; };
		F9F900D1202EF00E00B2AC4F /* Base */ = {isa = PBXFileReference; lastKnownFileType = file.storyboard; name = Base; path = Base.lproj/Main.storyboard; sourceTree = "<group>"; };
		F9F900D3202EF00E00B2AC4F /* Assets.xcassets */ = {isa = PBXFileReference; lastKnownFileType = folder.assetcatalog; path = Assets.xcassets; sourceTree = "<group>"; };
		F9F900D6202EF00E00B2AC4F /* Base */ = {isa = PBXFileReference; lastKnownFileType = file.storyboard; name = Base; path = Base.lproj/LaunchScreen.storyboard; sourceTree = "<group>"; };
		F9F900D8202EF00E00B2AC4F /* Info.plist */ = {isa = PBXFileReference; lastKnownFileType = text.plist.xml; path = Info.plist; sourceTree = "<group>"; };
		F9F900DE202EF03500B2AC4F /* index.html */ = {isa = PBXFileReference; fileEncoding = 4; lastKnownFileType = text.html; path = index.html; sourceTree = "<group>"; };
/* End PBXFileReference section */

/* Begin PBXFrameworksBuildPhase section */
		F9F900C6202EF00E00B2AC4F /* Frameworks */ = {
			isa = PBXFrameworksBuildPhase;
			buildActionMask = 2147483647;
			files = (
			);
			runOnlyForDeploymentPostprocessing = 0;
		};
/* End PBXFrameworksBuildPhase section */

/* Begin PBXGroup section */
		F9F900C0202EF00E00B2AC4F = {
			isa = PBXGroup;
			children = (
				F9F900CB202EF00E00B2AC4F /* LocalHtml */,
				F9F900CA202EF00E00B2AC4F /* Products */,
			);
			sourceTree = "<group>";
		};
		F9F900CA202EF00E00B2AC4F /* Products */ = {
			isa = PBXGroup;
			children = (
				F9F900C9202EF00E00B2AC4F /* LocalHtml.app */,
			);
			name = Products;
			sourceTree = "<group>";
		};
		F9F900CB202EF00E00B2AC4F /* LocalHtml */ = {
			isa = PBXGroup;
			children = (
				F9F900DE202EF03500B2AC4F /* index.html */,
				F9F900CC202EF00E00B2AC4F /* AppDelegate.swift */,
				F9F900CE202EF00E00B2AC4F /* ViewController.swift */,
				F9F900D0202EF00E00B2AC4F /* Main.storyboard */,
				F9F900D3202EF00E00B2AC4F /* Assets.xcassets */,
				F9F900D5202EF00E00B2AC4F /* LaunchScreen.storyboard */,
				F9F900D8202EF00E00B2AC4F /* Info.plist */,
			);
			path = LocalHtml;
			sourceTree = "<group>";
		};
/* End PBXGroup section */

/* Begin PBXNativeTarget section */
		F9F900C8202EF00E00B2AC4F /* LocalHtml */ = {
			isa = PBXNativeTarget;
			buildConfigurationList = F9F900DB202EF00E00B2AC4F /* Build configuration list for PBXNativeTarget "LocalHtml" */;
			buildPhases = (
				F9F900C5202EF00E00B2AC4F /* Sources */,
				F9F900C6202EF00E00B2AC4F /* Frameworks */,
				F9F900C7202EF00E00B2AC4F /* Resources */,
			);
			buildRules = (
			);
			dependencies = (
			);
			name = LocalHtml;
			productName = LocalHtml;
			productReference = F9F900C9202EF00E00B2AC4F /* LocalHtml.app */;
			productType = "com.apple.product-type.application";
		};
/* End PBXNativeTarget section */

/* Begin PBXProject section */
		F9F900C1202EF00E00B2AC4F /* Project object */ = {
			isa = PBXProject;
			attributes = {
				LastSwiftUpdateCheck = 0920;
				LastUpgradeCheck = 0920;
				ORGANIZATIONNAME = JdHealth;
				TargetAttributes = {
					F9F900C8202EF00E00B2AC4F = {
						CreatedOnToolsVersion = 9.2;
						ProvisioningStyle = Automatic;
					};
				};
			};
			buildConfigurationList = F9F900C4202EF00E00B2AC4F /* Build configuration list for PBXProject "LocalHtml" */;
			compatibilityVersion = "Xcode 8.0";
			developmentRegion = en;
			hasScannedForEncodings = 0;
			knownRegions = (
				en,
				Base,
			);
			mainGroup = F9F900C0202EF00E00B2AC4F;
			productRefGroup = F9F900CA202EF00E00B2AC4F /* Products */;
			projectDirPath = "";
			projectRoot = "";
			targets = (
				F9F900C8202EF00E00B2AC4F /* LocalHtml */,
			);
		};
/* End PBXProject section */

/* Begin PBXResourcesBuildPhase section */
		F9F900C7202EF00E00B2AC4F /* Resources */ = {
			isa = PBXResourcesBuildPhase;
			buildActionMask = 2147483647;
			files = (
				F9F900D7202EF00E00B2AC4F /* LaunchScreen.storyboard in Resources */,
				F9F900DF202EF03500B2AC4F /* index.html in Resources */,
				F9F900D4202EF00E00B2AC4F /* Assets.xcassets in Resources */,
				F9F900D2202EF00E00B2AC4F /* Main.storyboard in Resources */,
			);
			runOnlyForDeploymentPostprocessing = 0;
		};
/* End PBXResourcesBuildPhase section */

/* Begin PBXSourcesBuildPhase section */
		F9F900C5202EF00E00B2AC4F /* Sources */ = {
			isa = PBXSourcesBuildPhase;
			buildActionMask = 2147483647;
			files = (
				F9F900CF202EF00E00B2AC4F /* ViewController.swift in Sources */,
				F9F900CD202EF00E00B2AC4F /* AppDelegate.swift in Sources */,
			);
			runOnlyForDeploymentPostprocessing = 0;
		};
/* End PBXSourcesBuildPhase section */

/* Begin PBXVariantGroup section */
		F9F900D0202EF00E00B2AC4F /* Main.storyboard */ = {
			isa = PBXVariantGroup;
			children = (
				F9F900D1202EF00E00B2AC4F /* Base */,
			);
			name = Main.storyboard;
			sourceTree = "<group>";
		};
		F9F900D5202EF00E00B2AC4F /* LaunchScreen.storyboard */ = {
			isa = PBXVariantGroup;
			children = (
				F9F900D6202EF00E00B2AC4F /* Base */,
			);
			name = LaunchScreen.storyboard;
			sourceTree = "<group>";
		};
/* End PBXVariantGroup section */

/* Begin XCBuildConfiguration section */
		F9F900D9202EF00E00B2AC4F /* Debug */ = {
			isa = XCBuildConfiguration;
			buildSettings = {
				ALWAYS_SEARCH_USER_PATHS = NO;
				CLANG_ANALYZER_NONNULL = YES;
				CLANG_ANALYZER_NUMBER_OBJECT_CONVERSION = YES_AGGRESSIVE;
				CLANG_CXX_LANGUAGE_STANDARD = "gnu++14";
				CLANG_CXX_LIBRARY = "libc++";
				CLANG_ENABLE_MODULES = YES;
				CLANG_ENABLE_OBJC_ARC = YES;
				CLANG_WARN_BLOCK_CAPTURE_AUTORELEASING = YES;
				CLANG_WARN_BOOL_CONVERSION = YES;
				CLANG_WARN_COMMA = YES;
				CLANG_WARN_CONSTANT_CONVERSION = YES;
				CLANG_WARN_DIRECT_OBJC_ISA_USAGE = YES_ERROR;
				CLANG_WARN_DOCUMENTATION_COMMENTS = YES;
				CLANG_WARN_EMPTY_BODY = YES;
				CLANG_WARN_ENUM_CONVERSION = YES;
				CLANG_WARN_INFINITE_RECURSION = YES;
				CLANG_WARN_INT_CONVERSION = YES;
				CLANG_WARN_NON_LITERAL_NULL_CONVERSION = YES;
				CLANG_WARN_OBJC_LITERAL_CONVERSION = YES;
				CLANG_WARN_OBJC_ROOT_CLASS = YES_ERROR;
				CLANG_WARN_RANGE_LOOP_ANALYSIS = YES;
				CLANG_WARN_STRICT_PROTOTYPES = YES;
				CLANG_WARN_SUSPICIOUS_MOVE = YES;
				CLANG_WARN_UNGUARDED_AVAILABILITY = YES_AGGRESSIVE;
				CLANG_WARN_UNREACHABLE_CODE = YES;
				CLANG_WARN__DUPLICATE_METHOD_MATCH = YES;
				CODE_SIGN_IDENTITY = "iPhone Developer";
				COPY_PHASE_STRIP = NO;
				DEBUG_INFORMATION_FORMAT = dwarf;
				ENABLE_STRICT_OBJC_MSGSEND = YES;
				ENABLE_TESTABILITY = YES;
				GCC_C_LANGUAGE_STANDARD = gnu11;
				GCC_DYNAMIC_NO_PIC = NO;
				GCC_NO_COMMON_BLOCKS = YES;
				GCC_OPTIMIZATION_LEVEL = 0;
				GCC_PREPROCESSOR_DEFINITIONS = (
					"DEBUG=1",
					"$(inherited)",
				);
				GCC_WARN_64_TO_32_BIT_CONVERSION = YES;
				GCC_WARN_ABOUT_RETURN_TYPE = YES_ERROR;
				GCC_WARN_UNDECLARED_SELECTOR = YES;
				GCC_WARN_UNINITIALIZED_AUTOS = YES_AGGRESSIVE;
				GCC_WARN_UNUSED_FUNCTION = YES;
				GCC_WARN_UNUSED_VARIABLE = YES;
				IPHONEOS_DEPLOYMENT_TARGET = 11.2;
				MTL_ENABLE_DEBUG_INFO = YES;
				ONLY_ACTIVE_ARCH = YES;
				SDKROOT = iphoneos;
				SWIFT_ACTIVE_COMPILATION_CONDITIONS = DEBUG;
				SWIFT_OPTIMIZATION_LEVEL = "-Onone";
			};
			name = Debug;
		};
		F9F900DA202EF00E00B2AC4F /* Release */ = {
			isa = XCBuildConfiguration;
			buildSettings = {
				ALWAYS_SEARCH_USER_PATHS = NO;
				CLANG_ANALYZER_NONNULL = YES;
				CLANG_ANALYZER_NUMBER_OBJECT_CONVERSION = YES_AGGRESSIVE;
				CLANG_CXX_LANGUAGE_STANDARD = "gnu++14";
				CLANG_CXX_LIBRARY = "libc++";
				CLANG_ENABLE_MODULES = YES;
				CLANG_ENABLE_OBJC_ARC = YES;
				CLANG_WARN_BLOCK_CAPTURE_AUTORELEASING = YES;
				CLANG_WARN_BOOL_CONVERSION = YES;
				CLANG_WARN_COMMA = YES;
				CLANG_WARN_CONSTANT_CONVERSION = YES;
				CLANG_WARN_DIRECT_OBJC_ISA_USAGE = YES_ERROR;
				CLANG_WARN_DOCUMENTATION_COMMENTS = YES;
				CLANG_WARN_EMPTY_BODY = YES;
				CLANG_WARN_ENUM_CONVERSION = YES;
				CLANG_WARN_INFINITE_RECURSION = YES;
				CLANG_WARN_INT_CONVERSION = YES;
				CLANG_WARN_NON_LITERAL_NULL_CONVERSION = YES;
				CLANG_WARN_OBJC_LITERAL_CONVERSION = YES;
				CLANG_WARN_OBJC_ROOT_CLASS = YES_ERROR;
				CLANG_WARN_RANGE_LOOP_ANALYSIS = YES;
				CLANG_WARN_STRICT_PROTOTYPES = YES;
				CLANG_WARN_SUSPICIOUS_MOVE = YES;
				CLANG_WARN_UNGUARDED_AVAILABILITY = YES_AGGRESSIVE;
				CLANG_WARN_UNREACHABLE_CODE = YES;
				CLANG_WARN__DUPLICATE_METHOD_MATCH = YES;
				CODE_SIGN_IDENTITY = "iPhone Developer";
				COPY_PHASE_STRIP = NO;
				DEBUG_INFORMATION_FORMAT = "dwarf-with-dsym";
				ENABLE_NS_ASSERTIONS = NO;
				ENABLE_STRICT_OBJC_MSGSEND = YES;
				GCC_C_LANGUAGE_STANDARD = gnu11;
				GCC_NO_COMMON_BLOCKS = YES;
				GCC_WARN_64_TO_32_BIT_CONVERSION = YES;
				GCC_WARN_ABOUT_RETURN_TYPE = YES_ERROR;
				GCC_WARN_UNDECLARED_SELECTOR = YES;
				GCC_WARN_UNINITIALIZED_AUTOS = YES_AGGRESSIVE;
				GCC_WARN_UNUSED_FUNCTION = YES;
				GCC_WARN_UNUSED_VARIABLE = YES;
				IPHONEOS_DEPLOYMENT_TARGET = 11.2;
				MTL_ENABLE_DEBUG_INFO = NO;
				SDKROOT = iphoneos;
				SWIFT_OPTIMIZATION_LEVEL = "-Owholemodule";
				VALIDATE_PRODUCT = YES;
			};
			name = Release;
		};
		F9F900DC202EF00E00B2AC4F /* Debug */ = {
			isa = XCBuildConfiguration;
			buildSettings = {
				ASSETCATALOG_COMPILER_APPICON_NAME = AppIcon;
				CODE_SIGN_STYLE = Automatic;
				DEVELOPMENT_TEAM = T9RGZS27C8;
				INFOPLIST_FILE = LocalHtml/Info.plist;
				LD_RUNPATH_SEARCH_PATHS = "$(inherited) @executable_path/Frameworks";
				PRODUCT_BUNDLE_IDENTIFIER = com.igetwell.LocalHtml;
				PRODUCT_NAME = "$(TARGET_NAME)";
				SWIFT_VERSION = 4.0;
				TARGETED_DEVICE_FAMILY = "1,2";
			};
			name = Debug;
		};
		F9F900DD202EF00E00B2AC4F /* Release */ = {
			isa = XCBuildConfiguration;
			buildSettings = {
				ASSETCATALOG_COMPILER_APPICON_NAME = AppIcon;
				CODE_SIGN_STYLE = Automatic;
				DEVELOPMENT_TEAM = T9RGZS27C8;
				INFOPLIST_FILE = LocalHtml/Info.plist;
				LD_RUNPATH_SEARCH_PATHS = "$(inherited) @executable_path/Frameworks";
				PRODUCT_BUNDLE_IDENTIFIER = com.igetwell.LocalHtml;
				PRODUCT_NAME = "$(TARGET_NAME)";
				SWIFT_VERSION = 4.0;
				TARGETED_DEVICE_FAMILY = "1,2";
			};
			name = Release;
		};
/* End XCBuildConfiguration section */

/* Begin XCConfigurationList section */
		F9F900C4202EF00E00B2AC4F /* Build configuration list for PBXProject "LocalHtml" */ = {
			isa = XCConfigurationList;
			buildConfigurations = (
				F9F900D9202EF00E00B2AC4F /* Debug */,
				F9F900DA202EF00E00B2AC4F /* Release */,
			);
			defaultConfigurationIsVisible = 0;
			defaultConfigurationName = Release;
		};
		F9F900DB202EF00E00B2AC4F /* Build configuration list for PBXNativeTarget "LocalHtml" */ = {
			isa = XCConfigurationList;
			buildConfigurations = (
				F9F900DC202EF00E00B2AC4F /* Debug */,
				F9F900DD202EF00E00B2AC4F /* Release */,
			);
			defaultConfigurationIsVisible = 0;
			defaultConfigurationName = Release;
		};
/* End XCConfigurationList section */
	};
	rootObject = F9F900C1202EF00E00B2AC4F /* Project object */;
}
