// !$*UTF8*$!
{
	archiveVersion = 1;
	classes = {
	};
	objectVersion = 48;
	objects = {

/* Begin PBXBuildFile section */
		F9FCDA732048356300271521 /* AppDelegate.swift in Sources */ = {isa = PBXBuildFile; fileRef = F9FCDA722048356300271521 /* AppDelegate.swift */; };
		F9FCDA752048356300271521 /* ViewController.swift in Sources */ = {isa = PBXBuildFile; fileRef = F9FCDA742048356300271521 /* ViewController.swift */; };
		F9FCDA782048356300271521 /* Main.storyboard in Resources */ = {isa = PBXBuildFile; fileRef = F9FCDA762048356300271521 /* Main.storyboard */; };
		F9FCDA7A2048356300271521 /* Assets.xcassets in Resources */ = {isa = PBXBuildFile; fileRef = F9FCDA792048356300271521 /* Assets.xcassets */; };
		F9FCDA7D2048356300271521 /* LaunchScreen.storyboard in Resources */ = {isa = PBXBuildFile; fileRef = F9FCDA7B2048356300271521 /* LaunchScreen.storyboard */; };
		F9FCDA85204835A900271521 /* ContactStruct.swift in Sources */ = {isa = PBXBuildFile; fileRef = F9FCDA84204835A900271521 /* ContactStruct.swift */; };
/* End PBXBuildFile section */

/* Begin PBXFileReference section */
		F9FCDA6F2048356300271521 /* AccessContacts.app */ = {isa = PBXFileReference; explicitFileType = wrapper.application; includeInIndex = 0; path = AccessContacts.app; sourceTree = BUILT_PRODUCTS_DIR; };
		F9FCDA722048356300271521 /* AppDelegate.swift */ = {isa = PBXFileReference; lastKnownFileType = sourcecode.swift; path = AppDelegate.swift; sourceTree = "<group>"; };
		F9FCDA742048356300271521 /* ViewController.swift */ = {isa = PBXFileReference; lastKnownFileType = sourcecode.swift; path = ViewController.swift; sourceTree = "<group>"; };
		F9FCDA772048356300271521 /* Base */ = {isa = PBXFileReference; lastKnownFileType = file.storyboard; name = Base; path = Base.lproj/Main.storyboard; sourceTree = "<group>"; };
		F9FCDA792048356300271521 /* Assets.xcassets */ = {isa = PBXFileReference; lastKnownFileType = folder.assetcatalog; path = Assets.xcassets; sourceTree = "<group>"; };
		F9FCDA7C2048356300271521 /* Base */ = {isa = PBXFileReference; lastKnownFileType = file.storyboard; name = Base; path = Base.lproj/LaunchScreen.storyboard; sourceTree = "<group>"; };
		F9FCDA7E2048356300271521 /* Info.plist */ = {isa = PBXFileReference; lastKnownFileType = text.plist.xml; path = Info.plist; sourceTree = "<group>"; };
		F9FCDA84204835A900271521 /* ContactStruct.swift */ = {isa = PBXFileReference; lastKnownFileType = sourcecode.swift; path = ContactStruct.swift; sourceTree = "<group>"; };
/* End PBXFileReference section */

/* Begin PBXFrameworksBuildPhase section */
		F9FCDA6C2048356300271521 /* Frameworks */ = {
			isa = PBXFrameworksBuildPhase;
			buildActionMask = 2147483647;
			files = (
			);
			runOnlyForDeploymentPostprocessing = 0;
		};
/* End PBXFrameworksBuildPhase section */

/* Begin PBXGroup section */
		F9FCDA662048356300271521 = {
			isa = PBXGroup;
			children = (
				F9FCDA712048356300271521 /* AccessContacts */,
				F9FCDA702048356300271521 /* Products */,
			);
			sourceTree = "<group>";
		};
		F9FCDA702048356300271521 /* Products */ = {
			isa = PBXGroup;
			children = (
				F9FCDA6F2048356300271521 /* AccessContacts.app */,
			);
			name = Products;
			sourceTree = "<group>";
		};
		F9FCDA712048356300271521 /* AccessContacts */ = {
			isa = PBXGroup;
			children = (
				F9FCDA722048356300271521 /* AppDelegate.swift */,
				F9FCDA742048356300271521 /* ViewController.swift */,
				F9FCDA84204835A900271521 /* ContactStruct.swift */,
				F9FCDA762048356300271521 /* Main.storyboard */,
				F9FCDA792048356300271521 /* Assets.xcassets */,
				F9FCDA7B2048356300271521 /* LaunchScreen.storyboard */,
				F9FCDA7E2048356300271521 /* Info.plist */,
			);
			path = AccessContacts;
			sourceTree = "<group>";
		};
/* End PBXGroup section */

/* Begin PBXNativeTarget section */
		F9FCDA6E2048356300271521 /* AccessContacts */ = {
			isa = PBXNativeTarget;
			buildConfigurationList = F9FCDA812048356300271521 /* Build configuration list for PBXNativeTarget "AccessContacts" */;
			buildPhases = (
				F9FCDA6B2048356300271521 /* Sources */,
				F9FCDA6C2048356300271521 /* Frameworks */,
				F9FCDA6D2048356300271521 /* Resources */,
			);
			buildRules = (
			);
			dependencies = (
			);
			name = AccessContacts;
			productName = AccessContacts;
			productReference = F9FCDA6F2048356300271521 /* AccessContacts.app */;
			productType = "com.apple.product-type.application";
		};
/* End PBXNativeTarget section */

/* Begin PBXProject section */
		F9FCDA672048356300271521 /* Project object */ = {
			isa = PBXProject;
			attributes = {
				LastSwiftUpdateCheck = 0920;
				LastUpgradeCheck = 0920;
				ORGANIZATIONNAME = JdHealth;
				TargetAttributes = {
					F9FCDA6E2048356300271521 = {
						CreatedOnToolsVersion = 9.2;
						ProvisioningStyle = Automatic;
					};
				};
			};
			buildConfigurationList = F9FCDA6A2048356300271521 /* Build configuration list for PBXProject "AccessContacts" */;
			compatibilityVersion = "Xcode 8.0";
			developmentRegion = en;
			hasScannedForEncodings = 0;
			knownRegions = (
				en,
				Base,
			);
			mainGroup = F9FCDA662048356300271521;
			productRefGroup = F9FCDA702048356300271521 /* Products */;
			projectDirPath = "";
			projectRoot = "";
			targets = (
				F9FCDA6E2048356300271521 /* AccessContacts */,
			);
		};
/* End PBXProject section */

/* Begin PBXResourcesBuildPhase section */
		F9FCDA6D2048356300271521 /* Resources */ = {
			isa = PBXResourcesBuildPhase;
			buildActionMask = 2147483647;
			files = (
				F9FCDA7D2048356300271521 /* LaunchScreen.storyboard in Resources */,
				F9FCDA7A2048356300271521 /* Assets.xcassets in Resources */,
				F9FCDA782048356300271521 /* Main.storyboard in Resources */,
			);
			runOnlyForDeploymentPostprocessing = 0;
		};
/* End PBXResourcesBuildPhase section */

/* Begin PBXSourcesBuildPhase section */
		F9FCDA6B2048356300271521 /* Sources */ = {
			isa = PBXSourcesBuildPhase;
			buildActionMask = 2147483647;
			files = (
				F9FCDA752048356300271521 /* ViewController.swift in Sources */,
				F9FCDA85204835A900271521 /* ContactStruct.swift in Sources */,
				F9FCDA732048356300271521 /* AppDelegate.swift in Sources */,
			);
			runOnlyForDeploymentPostprocessing = 0;
		};
/* End PBXSourcesBuildPhase section */

/* Begin PBXVariantGroup section */
		F9FCDA762048356300271521 /* Main.storyboard */ = {
			isa = PBXVariantGroup;
			children = (
				F9FCDA772048356300271521 /* Base */,
			);
			name = Main.storyboard;
			sourceTree = "<group>";
		};
		F9FCDA7B2048356300271521 /* LaunchScreen.storyboard */ = {
			isa = PBXVariantGroup;
			children = (
				F9FCDA7C2048356300271521 /* Base */,
			);
			name = LaunchScreen.storyboard;
			sourceTree = "<group>";
		};
/* End PBXVariantGroup section */

/* Begin XCBuildConfiguration section */
		F9FCDA7F2048356300271521 /* Debug */ = {
			isa = XCBuildConfiguration;
			buildSettings = {
				ALWAYS_SEARCH_USER_PATHS = NO;
				CLANG_ANALYZER_NONNULL = YES;
				CLANG_ANALYZER_NUMBER_OBJECT_CONVERSION = YES_AGGRESSIVE;
				CLANG_CXX_LANGUAGE_STANDARD = "gnu++14";
				CLANG_CXX_LIBRARY = "libc++";
				CLANG_ENABLE_MODULES = YES;
				CLANG_ENABLE_OBJC_ARC = YES;
				CLANG_WARN_BLOCK_CAPTURE_AUTORELEASING = YES;
				CLANG_WARN_BOOL_CONVERSION = YES;
				CLANG_WARN_COMMA = YES;
				CLANG_WARN_CONSTANT_CONVERSION = YES;
				CLANG_WARN_DIRECT_OBJC_ISA_USAGE = YES_ERROR;
				CLANG_WARN_DOCUMENTATION_COMMENTS = YES;
				CLANG_WARN_EMPTY_BODY = YES;
				CLANG_WARN_ENUM_CONVERSION = YES;
				CLANG_WARN_INFINITE_RECURSION = YES;
				CLANG_WARN_INT_CONVERSION = YES;
				CLANG_WARN_NON_LITERAL_NULL_CONVERSION = YES;
				CLANG_WARN_OBJC_LITERAL_CONVERSION = YES;
				CLANG_WARN_OBJC_ROOT_CLASS = YES_ERROR;
				CLANG_WARN_RANGE_LOOP_ANALYSIS = YES;
				CLANG_WARN_STRICT_PROTOTYPES = YES;
				CLANG_WARN_SUSPICIOUS_MOVE = YES;
				CLANG_WARN_UNGUARDED_AVAILABILITY = YES_AGGRESSIVE;
				CLANG_WARN_UNREACHABLE_CODE = YES;
				CLANG_WARN__DUPLICATE_METHOD_MATCH = YES;
				CODE_SIGN_IDENTITY = "iPhone Developer";
				COPY_PHASE_STRIP = NO;
				DEBUG_INFORMATION_FORMAT = dwarf;
				ENABLE_STRICT_OBJC_MSGSEND = YES;
				ENABLE_TESTABILITY = YES;
				GCC_C_LANGUAGE_STANDARD = gnu11;
				GCC_DYNAMIC_NO_PIC = NO;
				GCC_NO_COMMON_BLOCKS = YES;
				GCC_OPTIMIZATION_LEVEL = 0;
				GCC_PREPROCESSOR_DEFINITIONS = (
					"DEBUG=1",
					"$(inherited)",
				);
				GCC_WARN_64_TO_32_BIT_CONVERSION = YES;
				GCC_WARN_ABOUT_RETURN_TYPE = YES_ERROR;
				GCC_WARN_UNDECLARED_SELECTOR = YES;
				GCC_WARN_UNINITIALIZED_AUTOS = YES_AGGRESSIVE;
				GCC_WARN_UNUSED_FUNCTION = YES;
				GCC_WARN_UNUSED_VARIABLE = YES;
				IPHONEOS_DEPLOYMENT_TARGET = 11.2;
				MTL_ENABLE_DEBUG_INFO = YES;
				ONLY_ACTIVE_ARCH = YES;
				SDKROOT = iphoneos;
				SWIFT_ACTIVE_COMPILATION_CONDITIONS = DEBUG;
				SWIFT_OPTIMIZATION_LEVEL = "-Onone";
			};
			name = Debug;
		};
		F9FCDA802048356300271521 /* Release */ = {
			isa = XCBuildConfiguration;
			buildSettings = {
				ALWAYS_SEARCH_USER_PATHS = NO;
				CLANG_ANALYZER_NONNULL = YES;
				CLANG_ANALYZER_NUMBER_OBJECT_CONVERSION = YES_AGGRESSIVE;
				CLANG_CXX_LANGUAGE_STANDARD = "gnu++14";
				CLANG_CXX_LIBRARY = "libc++";
				CLANG_ENABLE_MODULES = YES;
				CLANG_ENABLE_OBJC_ARC = YES;
				CLANG_WARN_BLOCK_CAPTURE_AUTORELEASING = YES;
				CLANG_WARN_BOOL_CONVERSION = YES;
				CLANG_WARN_COMMA = YES;
				CLANG_WARN_CONSTANT_CONVERSION = YES;
				CLANG_WARN_DIRECT_OBJC_ISA_USAGE = YES_ERROR;
				CLANG_WARN_DOCUMENTATION_COMMENTS = YES;
				CLANG_WARN_EMPTY_BODY = YES;
				CLANG_WARN_ENUM_CONVERSION = YES;
				CLANG_WARN_INFINITE_RECURSION = YES;
				CLANG_WARN_INT_CONVERSION = YES;
				CLANG_WARN_NON_LITERAL_NULL_CONVERSION = YES;
				CLANG_WARN_OBJC_LITERAL_CONVERSION = YES;
				CLANG_WARN_OBJC_ROOT_CLASS = YES_ERROR;
				CLANG_WARN_RANGE_LOOP_ANALYSIS = YES;
				CLANG_WARN_STRICT_PROTOTYPES = YES;
				CLANG_WARN_SUSPICIOUS_MOVE = YES;
				CLANG_WARN_UNGUARDED_AVAILABILITY = YES_AGGRESSIVE;
				CLANG_WARN_UNREACHABLE_CODE = YES;
				CLANG_WARN__DUPLICATE_METHOD_MATCH = YES;
				CODE_SIGN_IDENTITY = "iPhone Developer";
				COPY_PHASE_STRIP = NO;
				DEBUG_INFORMATION_FORMAT = "dwarf-with-dsym";
				ENABLE_NS_ASSERTIONS = NO;
				ENABLE_STRICT_OBJC_MSGSEND = YES;
				GCC_C_LANGUAGE_STANDARD = gnu11;
				GCC_NO_COMMON_BLOCKS = YES;
				GCC_WARN_64_TO_32_BIT_CONVERSION = YES;
				GCC_WARN_ABOUT_RETURN_TYPE = YES_ERROR;
				GCC_WARN_UNDECLARED_SELECTOR = YES;
				GCC_WARN_UNINITIALIZED_AUTOS = YES_AGGRESSIVE;
				GCC_WARN_UNUSED_FUNCTION = YES;
				GCC_WARN_UNUSED_VARIABLE = YES;
				IPHONEOS_DEPLOYMENT_TARGET = 11.2;
				MTL_ENABLE_DEBUG_INFO = NO;
				SDKROOT = iphoneos;
				SWIFT_OPTIMIZATION_LEVEL = "-Owholemodule";
				VALIDATE_PRODUCT = YES;
			};
			name = Release;
		};
		F9FCDA822048356300271521 /* Debug */ = {
			isa = XCBuildConfiguration;
			buildSettings = {
				ASSETCATALOG_COMPILER_APPICON_NAME = AppIcon;
				CODE_SIGN_STYLE = Automatic;
				DEVELOPMENT_TEAM = T9RGZS27C8;
				INFOPLIST_FILE = AccessContacts/Info.plist;
				LD_RUNPATH_SEARCH_PATHS = "$(inherited) @executable_path/Frameworks";
				PRODUCT_BUNDLE_IDENTIFIER = com.igetwell.AccessContacts;
				PRODUCT_NAME = "$(TARGET_NAME)";
				SWIFT_VERSION = 4.0;
				TARGETED_DEVICE_FAMILY = "1,2";
			};
			name = Debug;
		};
		F9FCDA832048356300271521 /* Release */ = {
			isa = XCBuildConfiguration;
			buildSettings = {
				ASSETCATALOG_COMPILER_APPICON_NAME = AppIcon;
				CODE_SIGN_STYLE = Automatic;
				DEVELOPMENT_TEAM = T9RGZS27C8;
				INFOPLIST_FILE = AccessContacts/Info.plist;
				LD_RUNPATH_SEARCH_PATHS = "$(inherited) @executable_path/Frameworks";
				PRODUCT_BUNDLE_IDENTIFIER = com.igetwell.AccessContacts;
				PRODUCT_NAME = "$(TARGET_NAME)";
				SWIFT_VERSION = 4.0;
				TARGETED_DEVICE_FAMILY = "1,2";
			};
			name = Release;
		};
/* End XCBuildConfiguration section */

/* Begin XCConfigurationList section */
		F9FCDA6A2048356300271521 /* Build configuration list for PBXProject "AccessContacts" */ = {
			isa = XCConfigurationList;
			buildConfigurations = (
				F9FCDA7F2048356300271521 /* Debug */,
				F9FCDA802048356300271521 /* Release */,
			);
			defaultConfigurationIsVisible = 0;
			defaultConfigurationName = Release;
		};
		F9FCDA812048356300271521 /* Build configuration list for PBXNativeTarget "AccessContacts" */ = {
			isa = XCConfigurationList;
			buildConfigurations = (
				F9FCDA822048356300271521 /* Debug */,
				F9FCDA832048356300271521 /* Release */,
			);
			defaultConfigurationIsVisible = 0;
			defaultConfigurationName = Release;
		};
/* End XCConfigurationList section */
	};
	rootObject = F9FCDA672048356300271521 /* Project object */;
}
