// !$*UTF8*$!
{
	archiveVersion = 1;
	classes = {
	};
	objectVersion = 48;
	objects = {

/* Begin PBXBuildFile section */
		F94BA32D2046DCB3008AE48B /* AppDelegate.swift in Sources */ = {isa = PBXBuildFile; fileRef = F94BA32C2046DCB3008AE48B /* AppDelegate.swift */; };
		F94BA32F2046DCB3008AE48B /* ViewController.swift in Sources */ = {isa = PBXBuildFile; fileRef = F94BA32E2046DCB3008AE48B /* ViewController.swift */; };
		F94BA3322046DCB3008AE48B /* Main.storyboard in Resources */ = {isa = PBXBuildFile; fileRef = F94BA3302046DCB3008AE48B /* Main.storyboard */; };
		F94BA3342046DCB3008AE48B /* Assets.xcassets in Resources */ = {isa = PBXBuildFile; fileRef = F94BA3332046DCB3008AE48B /* Assets.xcassets */; };
		F94BA3372046DCB3008AE48B /* LaunchScreen.storyboard in Resources */ = {isa = PBXBuildFile; fileRef = F94BA3352046DCB3008AE48B /* LaunchScreen.storyboard */; };
/* End PBXBuildFile section */

/* Begin PBXFileReference section */
		F94BA3292046DCB3008AE48B /* RearrangeTableView.app */ = {isa = PBXFileReference; explicitFileType = wrapper.application; includeInIndex = 0; path = RearrangeTableView.app; sourceTree = BUILT_PRODUCTS_DIR; };
		F94BA32C2046DCB3008AE48B /* AppDelegate.swift */ = {isa = PBXFileReference; lastKnownFileType = sourcecode.swift; path = AppDelegate.swift; sourceTree = "<group>"; };
		F94BA32E2046DCB3008AE48B /* ViewController.swift */ = {isa = PBXFileReference; lastKnownFileType = sourcecode.swift; path = ViewController.swift; sourceTree = "<group>"; };
		F94BA3312046DCB3008AE48B /* Base */ = {isa = PBXFileReference; lastKnownFileType = file.storyboard; name = Base; path = Base.lproj/Main.storyboard; sourceTree = "<group>"; };
		F94BA3332046DCB3008AE48B /* Assets.xcassets */ = {isa = PBXFileReference; lastKnownFileType = folder.assetcatalog; path = Assets.xcassets; sourceTree = "<group>"; };
		F94BA3362046DCB3008AE48B /* Base */ = {isa = PBXFileReference; lastKnownFileType = file.storyboard; name = Base; path = Base.lproj/LaunchScreen.storyboard; sourceTree = "<group>"; };
		F94BA3382046DCB3008AE48B /* Info.plist */ = {isa = PBXFileReference; lastKnownFileType = text.plist.xml; path = Info.plist; sourceTree = "<group>"; };
/* End PBXFileReference section */

/* Begin PBXFrameworksBuildPhase section */
		F94BA3262046DCB3008AE48B /* Frameworks */ = {
			isa = PBXFrameworksBuildPhase;
			buildActionMask = 2147483647;
			files = (
			);
			runOnlyForDeploymentPostprocessing = 0;
		};
/* End PBXFrameworksBuildPhase section */

/* Begin PBXGroup section */
		F94BA3202046DCB3008AE48B = {
			isa = PBXGroup;
			children = (
				F94BA32B2046DCB3008AE48B /* RearrangeTableView */,
				F94BA32A2046DCB3008AE48B /* Products */,
			);
			sourceTree = "<group>";
		};
		F94BA32A2046DCB3008AE48B /* Products */ = {
			isa = PBXGroup;
			children = (
				F94BA3292046DCB3008AE48B /* RearrangeTableView.app */,
			);
			name = Products;
			sourceTree = "<group>";
		};
		F94BA32B2046DCB3008AE48B /* RearrangeTableView */ = {
			isa = PBXGroup;
			children = (
				F94BA32C2046DCB3008AE48B /* AppDelegate.swift */,
				F94BA32E2046DCB3008AE48B /* ViewController.swift */,
				F94BA3302046DCB3008AE48B /* Main.storyboard */,
				F94BA3332046DCB3008AE48B /* Assets.xcassets */,
				F94BA3352046DCB3008AE48B /* LaunchScreen.storyboard */,
				F94BA3382046DCB3008AE48B /* Info.plist */,
			);
			path = RearrangeTableView;
			sourceTree = "<group>";
		};
/* End PBXGroup section */

/* Begin PBXNativeTarget section */
		F94BA3282046DCB3008AE48B /* RearrangeTableView */ = {
			isa = PBXNativeTarget;
			buildConfigurationList = F94BA33B2046DCB3008AE48B /* Build configuration list for PBXNativeTarget "RearrangeTableView" */;
			buildPhases = (
				F94BA3252046DCB3008AE48B /* Sources */,
				F94BA3262046DCB3008AE48B /* Frameworks */,
				F94BA3272046DCB3008AE48B /* Resources */,
			);
			buildRules = (
			);
			dependencies = (
			);
			name = RearrangeTableView;
			productName = RearrangeTableView;
			productReference = F94BA3292046DCB3008AE48B /* RearrangeTableView.app */;
			productType = "com.apple.product-type.application";
		};
/* End PBXNativeTarget section */

/* Begin PBXProject section */
		F94BA3212046DCB3008AE48B /* Project object */ = {
			isa = PBXProject;
			attributes = {
				LastSwiftUpdateCheck = 0920;
				LastUpgradeCheck = 0920;
				ORGANIZATIONNAME = JdHealth;
				TargetAttributes = {
					F94BA3282046DCB3008AE48B = {
						CreatedOnToolsVersion = 9.2;
						ProvisioningStyle = Automatic;
					};
				};
			};
			buildConfigurationList = F94BA3242046DCB3008AE48B /* Build configuration list for PBXProject "RearrangeTableView" */;
			compatibilityVersion = "Xcode 8.0";
			developmentRegion = en;
			hasScannedForEncodings = 0;
			knownRegions = (
				en,
				Base,
			);
			mainGroup = F94BA3202046DCB3008AE48B;
			productRefGroup = F94BA32A2046DCB3008AE48B /* Products */;
			projectDirPath = "";
			projectRoot = "";
			targets = (
				F94BA3282046DCB3008AE48B /* RearrangeTableView */,
			);
		};
/* End PBXProject section */

/* Begin PBXResourcesBuildPhase section */
		F94BA3272046DCB3008AE48B /* Resources */ = {
			isa = PBXResourcesBuildPhase;
			buildActionMask = 2147483647;
			files = (
				F94BA3372046DCB3008AE48B /* LaunchScreen.storyboard in Resources */,
				F94BA3342046DCB3008AE48B /* Assets.xcassets in Resources */,
				F94BA3322046DCB3008AE48B /* Main.storyboard in Resources */,
			);
			runOnlyForDeploymentPostprocessing = 0;
		};
/* End PBXResourcesBuildPhase section */

/* Begin PBXSourcesBuildPhase section */
		F94BA3252046DCB3008AE48B /* Sources */ = {
			isa = PBXSourcesBuildPhase;
			buildActionMask = 2147483647;
			files = (
				F94BA32F2046DCB3008AE48B /* ViewController.swift in Sources */,
				F94BA32D2046DCB3008AE48B /* AppDelegate.swift in Sources */,
			);
			runOnlyForDeploymentPostprocessing = 0;
		};
/* End PBXSourcesBuildPhase section */

/* Begin PBXVariantGroup section */
		F94BA3302046DCB3008AE48B /* Main.storyboard */ = {
			isa = PBXVariantGroup;
			children = (
				F94BA3312046DCB3008AE48B /* Base */,
			);
			name = Main.storyboard;
			sourceTree = "<group>";
		};
		F94BA3352046DCB3008AE48B /* LaunchScreen.storyboard */ = {
			isa = PBXVariantGroup;
			children = (
				F94BA3362046DCB3008AE48B /* Base */,
			);
			name = LaunchScreen.storyboard;
			sourceTree = "<group>";
		};
/* End PBXVariantGroup section */

/* Begin XCBuildConfiguration section */
		F94BA3392046DCB3008AE48B /* Debug */ = {
			isa = XCBuildConfiguration;
			buildSettings = {
				ALWAYS_SEARCH_USER_PATHS = NO;
				CLANG_ANALYZER_NONNULL = YES;
				CLANG_ANALYZER_NUMBER_OBJECT_CONVERSION = YES_AGGRESSIVE;
				CLANG_CXX_LANGUAGE_STANDARD = "gnu++14";
				CLANG_CXX_LIBRARY = "libc++";
				CLANG_ENABLE_MODULES = YES;
				CLANG_ENABLE_OBJC_ARC = YES;
				CLANG_WARN_BLOCK_CAPTURE_AUTORELEASING = YES;
				CLANG_WARN_BOOL_CONVERSION = YES;
				CLANG_WARN_COMMA = YES;
				CLANG_WARN_CONSTANT_CONVERSION = YES;
				CLANG_WARN_DIRECT_OBJC_ISA_USAGE = YES_ERROR;
				CLANG_WARN_DOCUMENTATION_COMMENTS = YES;
				CLANG_WARN_EMPTY_BODY = YES;
				CLANG_WARN_ENUM_CONVERSION = YES;
				CLANG_WARN_INFINITE_RECURSION = YES;
				CLANG_WARN_INT_CONVERSION = YES;
				CLANG_WARN_NON_LITERAL_NULL_CONVERSION = YES;
				CLANG_WARN_OBJC_LITERAL_CONVERSION = YES;
				CLANG_WARN_OBJC_ROOT_CLASS = YES_ERROR;
				CLANG_WARN_RANGE_LOOP_ANALYSIS = YES;
				CLANG_WARN_STRICT_PROTOTYPES = YES;
				CLANG_WARN_SUSPICIOUS_MOVE = YES;
				CLANG_WARN_UNGUARDED_AVAILABILITY = YES_AGGRESSIVE;
				CLANG_WARN_UNREACHABLE_CODE = YES;
				CLANG_WARN__DUPLICATE_METHOD_MATCH = YES;
				CODE_SIGN_IDENTITY = "iPhone Developer";
				COPY_PHASE_STRIP = NO;
				DEBUG_INFORMATION_FORMAT = dwarf;
				ENABLE_STRICT_OBJC_MSGSEND = YES;
				ENABLE_TESTABILITY = YES;
				GCC_C_LANGUAGE_STANDARD = gnu11;
				GCC_DYNAMIC_NO_PIC = NO;
				GCC_NO_COMMON_BLOCKS = YES;
				GCC_OPTIMIZATION_LEVEL = 0;
				GCC_PREPROCESSOR_DEFINITIONS = (
					"DEBUG=1",
					"$(inherited)",
				);
				GCC_WARN_64_TO_32_BIT_CONVERSION = YES;
				GCC_WARN_ABOUT_RETURN_TYPE = YES_ERROR;
				GCC_WARN_UNDECLARED_SELECTOR = YES;
				GCC_WARN_UNINITIALIZED_AUTOS = YES_AGGRESSIVE;
				GCC_WARN_UNUSED_FUNCTION = YES;
				GCC_WARN_UNUSED_VARIABLE = YES;
				IPHONEOS_DEPLOYMENT_TARGET = 11.2;
				MTL_ENABLE_DEBUG_INFO = YES;
				ONLY_ACTIVE_ARCH = YES;
				SDKROOT = iphoneos;
				SWIFT_ACTIVE_COMPILATION_CONDITIONS = DEBUG;
				SWIFT_OPTIMIZATION_LEVEL = "-Onone";
			};
			name = Debug;
		};
		F94BA33A2046DCB3008AE48B /* Release */ = {
			isa = XCBuildConfiguration;
			buildSettings = {
				ALWAYS_SEARCH_USER_PATHS = NO;
				CLANG_ANALYZER_NONNULL = YES;
				CLANG_ANALYZER_NUMBER_OBJECT_CONVERSION = YES_AGGRESSIVE;
				CLANG_CXX_LANGUAGE_STANDARD = "gnu++14";
				CLANG_CXX_LIBRARY = "libc++";
				CLANG_ENABLE_MODULES = YES;
				CLANG_ENABLE_OBJC_ARC = YES;
				CLANG_WARN_BLOCK_CAPTURE_AUTORELEASING = YES;
				CLANG_WARN_BOOL_CONVERSION = YES;
				CLANG_WARN_COMMA = YES;
				CLANG_WARN_CONSTANT_CONVERSION = YES;
				CLANG_WARN_DIRECT_OBJC_ISA_USAGE = YES_ERROR;
				CLANG_WARN_DOCUMENTATION_COMMENTS = YES;
				CLANG_WARN_EMPTY_BODY = YES;
				CLANG_WARN_ENUM_CONVERSION = YES;
				CLANG_WARN_INFINITE_RECURSION = YES;
				CLANG_WARN_INT_CONVERSION = YES;
				CLANG_WARN_NON_LITERAL_NULL_CONVERSION = YES;
				CLANG_WARN_OBJC_LITERAL_CONVERSION = YES;
				CLANG_WARN_OBJC_ROOT_CLASS = YES_ERROR;
				CLANG_WARN_RANGE_LOOP_ANALYSIS = YES;
				CLANG_WARN_STRICT_PROTOTYPES = YES;
				CLANG_WARN_SUSPICIOUS_MOVE = YES;
				CLANG_WARN_UNGUARDED_AVAILABILITY = YES_AGGRESSIVE;
				CLANG_WARN_UNREACHABLE_CODE = YES;
				CLANG_WARN__DUPLICATE_METHOD_MATCH = YES;
				CODE_SIGN_IDENTITY = "iPhone Developer";
				COPY_PHASE_STRIP = NO;
				DEBUG_INFORMATION_FORMAT = "dwarf-with-dsym";
				ENABLE_NS_ASSERTIONS = NO;
				ENABLE_STRICT_OBJC_MSGSEND = YES;
				GCC_C_LANGUAGE_STANDARD = gnu11;
				GCC_NO_COMMON_BLOCKS = YES;
				GCC_WARN_64_TO_32_BIT_CONVERSION = YES;
				GCC_WARN_ABOUT_RETURN_TYPE = YES_ERROR;
				GCC_WARN_UNDECLARED_SELECTOR = YES;
				GCC_WARN_UNINITIALIZED_AUTOS = YES_AGGRESSIVE;
				GCC_WARN_UNUSED_FUNCTION = YES;
				GCC_WARN_UNUSED_VARIABLE = YES;
				IPHONEOS_DEPLOYMENT_TARGET = 11.2;
				MTL_ENABLE_DEBUG_INFO = NO;
				SDKROOT = iphoneos;
				SWIFT_OPTIMIZATION_LEVEL = "-Owholemodule";
				VALIDATE_PRODUCT = YES;
			};
			name = Release;
		};
		F94BA33C2046DCB3008AE48B /* Debug */ = {
			isa = XCBuildConfiguration;
			buildSettings = {
				ASSETCATALOG_COMPILER_APPICON_NAME = AppIcon;
				CODE_SIGN_STYLE = Automatic;
				DEVELOPMENT_TEAM = T9RGZS27C8;
				INFOPLIST_FILE = RearrangeTableView/Info.plist;
				LD_RUNPATH_SEARCH_PATHS = "$(inherited) @executable_path/Frameworks";
				PRODUCT_BUNDLE_IDENTIFIER = com.igetwell.RearrangeTableView;
				PRODUCT_NAME = "$(TARGET_NAME)";
				SWIFT_VERSION = 4.0;
				TARGETED_DEVICE_FAMILY = "1,2";
			};
			name = Debug;
		};
		F94BA33D2046DCB3008AE48B /* Release */ = {
			isa = XCBuildConfiguration;
			buildSettings = {
				ASSETCATALOG_COMPILER_APPICON_NAME = AppIcon;
				CODE_SIGN_STYLE = Automatic;
				DEVELOPMENT_TEAM = T9RGZS27C8;
				INFOPLIST_FILE = RearrangeTableView/Info.plist;
				LD_RUNPATH_SEARCH_PATHS = "$(inherited) @executable_path/Frameworks";
				PRODUCT_BUNDLE_IDENTIFIER = com.igetwell.RearrangeTableView;
				PRODUCT_NAME = "$(TARGET_NAME)";
				SWIFT_VERSION = 4.0;
				TARGETED_DEVICE_FAMILY = "1,2";
			};
			name = Release;
		};
/* End XCBuildConfiguration section */

/* Begin XCConfigurationList section */
		F94BA3242046DCB3008AE48B /* Build configuration list for PBXProject "RearrangeTableView" */ = {
			isa = XCConfigurationList;
			buildConfigurations = (
				F94BA3392046DCB3008AE48B /* Debug */,
				F94BA33A2046DCB3008AE48B /* Release */,
			);
			defaultConfigurationIsVisible = 0;
			defaultConfigurationName = Release;
		};
		F94BA33B2046DCB3008AE48B /* Build configuration list for PBXNativeTarget "RearrangeTableView" */ = {
			isa = XCConfigurationList;
			buildConfigurations = (
				F94BA33C2046DCB3008AE48B /* Debug */,
				F94BA33D2046DCB3008AE48B /* Release */,
			);
			defaultConfigurationIsVisible = 0;
			defaultConfigurationName = Release;
		};
/* End XCConfigurationList section */
	};
	rootObject = F94BA3212046DCB3008AE48B /* Project object */;
}
